
Microsoft Visual Studio Solution File, Format Version 12.00
# Visual Studio 2013
VisualStudioVersion = 12.0.31101.0
MinimumVisualStudioVersion = 10.0.40219.1
Project("{FAE04EC0-301F-11D3-BF4B-00C04F79EFBC}") = "AccountingFactory", "AccountingFactory\AccountingFactory.csproj", "{50BA188B-7379-4B9F-ACFD-4A0CB425D621}"
EndProject
Project("{FAE04EC0-301F-11D3-BF4B-00C04F79EFBC}") = "AccountingFactoryTests", "AccountingFactoryTests\AccountingFactoryTests.csproj", "{980D03BC-2E58-4183-B2A5-61874DE3C755}"
EndProject
Global
	GlobalSection(SolutionConfigurationPlatforms) = preSolution
		Debug|Any CPU = Debug|Any CPU
		Release|Any CPU = Release|Any CPU
	EndGlobalSection
	GlobalSection(ProjectConfigurationPlatforms) = postSolution
		{50BA188B-7379-4B9F-ACFD-4A0CB425D621}.Debug|Any CPU.ActiveCfg = Debug|Any CPU
		{50BA188B-7379-4B9F-ACFD-4A0CB425D621}.Debug|Any CPU.Build.0 = Debug|Any CPU
		{50BA188B-7379-4B9F-ACFD-4A0CB425D621}.Release|Any CPU.ActiveCfg = Release|Any CPU
		{50BA188B-7379-4B9F-ACFD-4A0CB425D621}.Release|Any CPU.Build.0 = Release|Any CPU
		{980D03BC-2E58-4183-B2A5-61874DE3C755}.Debug|Any CPU.ActiveCfg = Debug|Any CPU
		{980D03BC-2E58-4183-B2A5-61874DE3C755}.Debug|Any CPU.Build.0 = Debug|Any CPU
		{980D03BC-2E58-4183-B2A5-61874DE3C755}.Release|Any CPU.ActiveCfg = Release|Any CPU
		{980D03BC-2E58-4183-B2A5-61874DE3C755}.Release|Any CPU.Build.0 = Release|Any CPU
	EndGlobalSection
	GlobalSection(SolutionProperties) = preSolution
		HideSolutionNode = FALSE
	EndGlobalSection
EndGlobal
